
Microsoft Visual Studio Solution File, Format Version 12.00
# Visual Studio Version 16
VisualStudioVersion = 16.0.29424.173
MinimumVisualStudioVersion = 10.0.40219.1
Project("{FAE04EC0-301F-11D3-BF4B-00C04F79EFBC}") = "LiveCodingTempFinal", "LiveCodingTempFinal.csproj", "{9E77FA20-4CE8-4351-9BF4-AFCCA3271066}"
EndProject
Global
	GlobalSection(SolutionConfigurationPlatforms) = preSolution
		Debug|Any CPU = Debug|Any CPU
		Release|Any CPU = Release|Any CPU
	EndGlobalSection
	GlobalSection(ProjectConfigurationPlatforms) = postSolution
		{9E77FA20-4CE8-4351-9BF4-AFCCA3271066}.Debug|Any CPU.ActiveCfg = Debug|Any CPU
		{9E77FA20-4CE8-4351-9BF4-AFCCA3271066}.Debug|Any CPU.Build.0 = Debug|Any CPU
		{9E77FA20-4CE8-4351-9BF4-AFCCA3271066}.Release|Any CPU.ActiveCfg = Release|Any CPU
		{9E77FA20-4CE8-4351-9BF4-AFCCA3271066}.Release|Any CPU.Build.0 = Release|Any CPU
	EndGlobalSection
	GlobalSection(SolutionProperties) = preSolution
		HideSolutionNode = FALSE
	EndGlobalSection
	GlobalSection(ExtensibilityGlobals) = postSolution
		SolutionGuid = {AF3968FB-08C7-4768-97EC-E280B697CB87}
	EndGlobalSection
EndGlobal
